
Microsoft Visual Studio Solution File, Format Version 12.00
# Visual Studio Version 16
VisualStudioVersion = 16.0.32106.194
MinimumVisualStudioVersion = 10.0.40219.1
Project("{FAE04EC0-301F-11D3-BF4B-00C04F79EFBC}") = "Sales", "Sales\Sales.csproj", "{5589B132-FC09-4A0F-BB2F-47B8AFEC1DFD}"
EndProject
Global
	GlobalSection(SolutionConfigurationPlatforms) = preSolution
		Debug|Any CPU = Debug|Any CPU
		Release|Any CPU = Release|Any CPU
	EndGlobalSection
	GlobalSection(ProjectConfigurationPlatforms) = postSolution
		{5589B132-FC09-4A0F-BB2F-47B8AFEC1DFD}.Debug|Any CPU.ActiveCfg = Debug|Any CPU
		{5589B132-FC09-4A0F-BB2F-47B8AFEC1DFD}.Debug|Any CPU.Build.0 = Debug|Any CPU
		{5589B132-FC09-4A0F-BB2F-47B8AFEC1DFD}.Release|Any CPU.ActiveCfg = Release|Any CPU
		{5589B132-FC09-4A0F-BB2F-47B8AFEC1DFD}.Release|Any CPU.Build.0 = Release|Any CPU
	EndGlobalSection
	GlobalSection(SolutionProperties) = preSolution
		HideSolutionNode = FALSE
	EndGlobalSection
	GlobalSection(ExtensibilityGlobals) = postSolution
		SolutionGuid = {C97E7F8A-EC7E-4D81-BB21-AABEFD766FA4}
	EndGlobalSection
EndGlobal
