
Microsoft Visual Studio Solution File, Format Version 12.00
# Visual Studio Version 17
VisualStudioVersion = 17.0.32112.339
MinimumVisualStudioVersion = 10.0.40219.1
Project("{FAE04EC0-301F-11D3-BF4B-00C04F79EFBC}") = "Практическая 17.02 Кастумерс", "Практическая 17.02 Кастумерс\Практическая 17.02 Кастумерс.csproj", "{41E32DA4-A08D-4971-AFB0-3FCC01803199}"
EndProject
Global
	GlobalSection(SolutionConfigurationPlatforms) = preSolution
		Debug|Any CPU = Debug|Any CPU
		Release|Any CPU = Release|Any CPU
	EndGlobalSection
	GlobalSection(ProjectConfigurationPlatforms) = postSolution
		{41E32DA4-A08D-4971-AFB0-3FCC01803199}.Debug|Any CPU.ActiveCfg = Debug|Any CPU
		{41E32DA4-A08D-4971-AFB0-3FCC01803199}.Debug|Any CPU.Build.0 = Debug|Any CPU
		{41E32DA4-A08D-4971-AFB0-3FCC01803199}.Release|Any CPU.ActiveCfg = Release|Any CPU
		{41E32DA4-A08D-4971-AFB0-3FCC01803199}.Release|Any CPU.Build.0 = Release|Any CPU
	EndGlobalSection
	GlobalSection(SolutionProperties) = preSolution
		HideSolutionNode = FALSE
	EndGlobalSection
	GlobalSection(ExtensibilityGlobals) = postSolution
		SolutionGuid = {22DB72FA-0DEF-45E2-8C29-04164A0604A0}
	EndGlobalSection
EndGlobal
